
Microsoft Visual Studio Solution File, Format Version 12.00
# Visual Studio Version 16
VisualStudioVersion = 16.0.810.21
MinimumVisualStudioVersion = 10.0.40219.1
Project("{FAE04EC0-301F-11D3-BF4B-00C04F79EFBC}") = "ASC.web", "ASC.web\ASC.web.csproj", "{744339A6-56A8-4F05-B6BE-D967CC42CA59}"
EndProject
Global
	GlobalSection(SolutionConfigurationPlatforms) = preSolution
		Debug|Any CPU = Debug|Any CPU
		Release|Any CPU = Release|Any CPU
	EndGlobalSection
	GlobalSection(ProjectConfigurationPlatforms) = postSolution
		{744339A6-56A8-4F05-B6BE-D967CC42CA59}.Debug|Any CPU.ActiveCfg = Debug|Any CPU
		{744339A6-56A8-4F05-B6BE-D967CC42CA59}.Debug|Any CPU.Build.0 = Debug|Any CPU
		{744339A6-56A8-4F05-B6BE-D967CC42CA59}.Release|Any CPU.ActiveCfg = Release|Any CPU
		{744339A6-56A8-4F05-B6BE-D967CC42CA59}.Release|Any CPU.Build.0 = Release|Any CPU
	EndGlobalSection
	GlobalSection(SolutionProperties) = preSolution
		HideSolutionNode = FALSE
	EndGlobalSection
	GlobalSection(ExtensibilityGlobals) = postSolution
		SolutionGuid = {FCAED853-62CB-4EDC-86AB-59A8C87909B2}
	EndGlobalSection
EndGlobal
